
Microsoft Visual Studio Solution File, Format Version 12.00
# Visual Studio Version 16
VisualStudioVersion = 16.0.29503.13
MinimumVisualStudioVersion = 10.0.40219.1
Project("{9A19103F-16F7-4668-BE54-9A1E7A4F7556}") = "SovaWebAppicaltion", "Sova\SovaWebAppicaltion.csproj", "{B405FB19-3510-4978-A480-8934B5014AF4}"
EndProject
Project("{9A19103F-16F7-4668-BE54-9A1E7A4F7556}") = "SovaDataAccessLayer", "SovaDataAccessLayer\SovaDataAccessLayer.csproj", "{9F886C7E-48BA-47E7-82FD-0D081ABDC957}"
EndProject
Global
	GlobalSection(SolutionConfigurationPlatforms) = preSolution
		Debug|Any CPU = Debug|Any CPU
		Release|Any CPU = Release|Any CPU
	EndGlobalSection
	GlobalSection(ProjectConfigurationPlatforms) = postSolution
		{B405FB19-3510-4978-A480-8934B5014AF4}.Debug|Any CPU.ActiveCfg = Debug|Any CPU
		{B405FB19-3510-4978-A480-8934B5014AF4}.Debug|Any CPU.Build.0 = Debug|Any CPU
		{B405FB19-3510-4978-A480-8934B5014AF4}.Release|Any CPU.ActiveCfg = Release|Any CPU
		{B405FB19-3510-4978-A480-8934B5014AF4}.Release|Any CPU.Build.0 = Release|Any CPU
		{9F886C7E-48BA-47E7-82FD-0D081ABDC957}.Debug|Any CPU.ActiveCfg = Debug|Any CPU
		{9F886C7E-48BA-47E7-82FD-0D081ABDC957}.Debug|Any CPU.Build.0 = Debug|Any CPU
		{9F886C7E-48BA-47E7-82FD-0D081ABDC957}.Release|Any CPU.ActiveCfg = Release|Any CPU
		{9F886C7E-48BA-47E7-82FD-0D081ABDC957}.Release|Any CPU.Build.0 = Release|Any CPU
	EndGlobalSection
	GlobalSection(SolutionProperties) = preSolution
		HideSolutionNode = FALSE
	EndGlobalSection
	GlobalSection(ExtensibilityGlobals) = postSolution
		SolutionGuid = {696A78E1-08D7-4FBD-AC90-723B1E8B1508}
	EndGlobalSection
EndGlobal
